
Microsoft Visual Studio Solution File, Format Version 12.00
# Visual Studio Version 17
VisualStudioVersion = 17.7.34024.191
MinimumVisualStudioVersion = 10.0.40219.1
Project("{FAE04EC0-301F-11D3-BF4B-00C04F79EFBC}") = "Produtos", "Produtos\Produtos.csproj", "{50CC51AE-26B3-42DC-A52B-9E60FA0B86C0}"
EndProject
Global
	GlobalSection(SolutionConfigurationPlatforms) = preSolution
		Debug|Any CPU = Debug|Any CPU
		Release|Any CPU = Release|Any CPU
	EndGlobalSection
	GlobalSection(ProjectConfigurationPlatforms) = postSolution
		{50CC51AE-26B3-42DC-A52B-9E60FA0B86C0}.Debug|Any CPU.ActiveCfg = Debug|Any CPU
		{50CC51AE-26B3-42DC-A52B-9E60FA0B86C0}.Debug|Any CPU.Build.0 = Debug|Any CPU
		{50CC51AE-26B3-42DC-A52B-9E60FA0B86C0}.Release|Any CPU.ActiveCfg = Release|Any CPU
		{50CC51AE-26B3-42DC-A52B-9E60FA0B86C0}.Release|Any CPU.Build.0 = Release|Any CPU
	EndGlobalSection
	GlobalSection(SolutionProperties) = preSolution
		HideSolutionNode = FALSE
	EndGlobalSection
	GlobalSection(ExtensibilityGlobals) = postSolution
		SolutionGuid = {468CA981-FDDC-4F81-B21C-04D1487E812E}
	EndGlobalSection
EndGlobal
